
Microsoft Visual Studio Solution File, Format Version 12.00
# Visual Studio 14
VisualStudioVersion = 14.0.24720.0
MinimumVisualStudioVersion = 10.0.40219.1
Project("{FAE04EC0-301F-11D3-BF4B-00C04F79EFBC}") = "DesignPatterns", "DesignPatterns\DesignPatterns.csproj", "{791FEAA1-4A44-40F9-890A-B2A428D96780}"
EndProject
Project("{FAE04EC0-301F-11D3-BF4B-00C04F79EFBC}") = "FactoryDP1", "FactoryDP1\FactoryDP1.csproj", "{100D3637-E734-45F4-BFE8-E5B239E34ACD}"
EndProject
Project("{FAE04EC0-301F-11D3-BF4B-00C04F79EFBC}") = "Singleton", "Singleton\Singleton.csproj", "{4086A46E-842F-419B-97E4-F08509B2D29C}"
EndProject
Project("{FAE04EC0-301F-11D3-BF4B-00C04F79EFBC}") = "MiscConsoleApp", "MiscConsoleApp\MiscConsoleApp.csproj", "{19F42211-298C-48C3-AD52-C78777CCF72E}"
EndProject
Project("{FAE04EC0-301F-11D3-BF4B-00C04F79EFBC}") = "Grade.Test", "Grade.Test\Grade.Test.csproj", "{34099F57-7DE0-4A63-9306-C4B63BA92AAF}"
EndProject
Global
	GlobalSection(SolutionConfigurationPlatforms) = preSolution
		Debug|Any CPU = Debug|Any CPU
		Release|Any CPU = Release|Any CPU
	EndGlobalSection
	GlobalSection(ProjectConfigurationPlatforms) = postSolution
		{791FEAA1-4A44-40F9-890A-B2A428D96780}.Debug|Any CPU.ActiveCfg = Debug|Any CPU
		{791FEAA1-4A44-40F9-890A-B2A428D96780}.Debug|Any CPU.Build.0 = Debug|Any CPU
		{791FEAA1-4A44-40F9-890A-B2A428D96780}.Release|Any CPU.ActiveCfg = Release|Any CPU
		{791FEAA1-4A44-40F9-890A-B2A428D96780}.Release|Any CPU.Build.0 = Release|Any CPU
		{100D3637-E734-45F4-BFE8-E5B239E34ACD}.Debug|Any CPU.ActiveCfg = Debug|Any CPU
		{100D3637-E734-45F4-BFE8-E5B239E34ACD}.Debug|Any CPU.Build.0 = Debug|Any CPU
		{100D3637-E734-45F4-BFE8-E5B239E34ACD}.Release|Any CPU.ActiveCfg = Release|Any CPU
		{100D3637-E734-45F4-BFE8-E5B239E34ACD}.Release|Any CPU.Build.0 = Release|Any CPU
		{4086A46E-842F-419B-97E4-F08509B2D29C}.Debug|Any CPU.ActiveCfg = Debug|Any CPU
		{4086A46E-842F-419B-97E4-F08509B2D29C}.Debug|Any CPU.Build.0 = Debug|Any CPU
		{4086A46E-842F-419B-97E4-F08509B2D29C}.Release|Any CPU.ActiveCfg = Release|Any CPU
		{4086A46E-842F-419B-97E4-F08509B2D29C}.Release|Any CPU.Build.0 = Release|Any CPU
		{19F42211-298C-48C3-AD52-C78777CCF72E}.Debug|Any CPU.ActiveCfg = Debug|Any CPU
		{19F42211-298C-48C3-AD52-C78777CCF72E}.Debug|Any CPU.Build.0 = Debug|Any CPU
		{19F42211-298C-48C3-AD52-C78777CCF72E}.Release|Any CPU.ActiveCfg = Release|Any CPU
		{19F42211-298C-48C3-AD52-C78777CCF72E}.Release|Any CPU.Build.0 = Release|Any CPU
		{34099F57-7DE0-4A63-9306-C4B63BA92AAF}.Debug|Any CPU.ActiveCfg = Debug|Any CPU
		{34099F57-7DE0-4A63-9306-C4B63BA92AAF}.Debug|Any CPU.Build.0 = Debug|Any CPU
		{34099F57-7DE0-4A63-9306-C4B63BA92AAF}.Release|Any CPU.ActiveCfg = Release|Any CPU
		{34099F57-7DE0-4A63-9306-C4B63BA92AAF}.Release|Any CPU.Build.0 = Release|Any CPU
	EndGlobalSection
	GlobalSection(SolutionProperties) = preSolution
		HideSolutionNode = FALSE
	EndGlobalSection
EndGlobal
